
Microsoft Visual Studio Solution File, Format Version 12.00
# Visual Studio 15
VisualStudioVersion = 15.0.28010.2003
MinimumVisualStudioVersion = 10.0.40219.1
Project("{FAE04EC0-301F-11D3-BF4B-00C04F79EFBC}") = "EPPlusTest", "EPPlusTest\EPPlusTest.csproj", "{B6B40577-7EFA-4EA1-9057-93C37E208B6C}"
EndProject
Global
	GlobalSection(SolutionConfigurationPlatforms) = preSolution
		Debug|Any CPU = Debug|Any CPU
		Release|Any CPU = Release|Any CPU
	EndGlobalSection
	GlobalSection(ProjectConfigurationPlatforms) = postSolution
		{B6B40577-7EFA-4EA1-9057-93C37E208B6C}.Debug|Any CPU.ActiveCfg = Debug|Any CPU
		{B6B40577-7EFA-4EA1-9057-93C37E208B6C}.Debug|Any CPU.Build.0 = Debug|Any CPU
		{B6B40577-7EFA-4EA1-9057-93C37E208B6C}.Release|Any CPU.ActiveCfg = Release|Any CPU
		{B6B40577-7EFA-4EA1-9057-93C37E208B6C}.Release|Any CPU.Build.0 = Release|Any CPU
	EndGlobalSection
	GlobalSection(SolutionProperties) = preSolution
		HideSolutionNode = FALSE
	EndGlobalSection
	GlobalSection(ExtensibilityGlobals) = postSolution
		SolutionGuid = {533E3285-0001-4561-8EE4-93B34AF8CC62}
	EndGlobalSection
EndGlobal
